
Microsoft Visual Studio Solution File, Format Version 12.00
# Visual Studio Version 16
VisualStudioVersion = 16.0.29324.140
MinimumVisualStudioVersion = 10.0.40219.1
Project("{9A19103F-16F7-4668-BE54-9A1E7A4F7556}") = "WebAPI", "WebAPI\WebAPI.csproj", "{C2C85926-AEBC-485C-A529-260155249B64}"
EndProject
Project("{FAE04EC0-301F-11D3-BF4B-00C04F79EFBC}") = "OrderComputer", "OrderComputer\OrderComputer.csproj", "{FCB01F51-BF14-4D00-9E6C-CED607B32343}"
EndProject
Project("{FAE04EC0-301F-11D3-BF4B-00C04F79EFBC}") = "ErrorHandlerWeb", "ErrorHandlerWeb\ErrorHandlerWeb.csproj", "{DCB74525-5267-4385-8629-2D10F2B04D01}"
EndProject
Global
	GlobalSection(SolutionConfigurationPlatforms) = preSolution
		Debug|Any CPU = Debug|Any CPU
		Release|Any CPU = Release|Any CPU
	EndGlobalSection
	GlobalSection(ProjectConfigurationPlatforms) = postSolution
		{C2C85926-AEBC-485C-A529-260155249B64}.Debug|Any CPU.ActiveCfg = Debug|Any CPU
		{C2C85926-AEBC-485C-A529-260155249B64}.Debug|Any CPU.Build.0 = Debug|Any CPU
		{C2C85926-AEBC-485C-A529-260155249B64}.Release|Any CPU.ActiveCfg = Release|Any CPU
		{C2C85926-AEBC-485C-A529-260155249B64}.Release|Any CPU.Build.0 = Release|Any CPU
		{FCB01F51-BF14-4D00-9E6C-CED607B32343}.Debug|Any CPU.ActiveCfg = Debug|Any CPU
		{FCB01F51-BF14-4D00-9E6C-CED607B32343}.Debug|Any CPU.Build.0 = Debug|Any CPU
		{FCB01F51-BF14-4D00-9E6C-CED607B32343}.Release|Any CPU.ActiveCfg = Release|Any CPU
		{FCB01F51-BF14-4D00-9E6C-CED607B32343}.Release|Any CPU.Build.0 = Release|Any CPU
		{DCB74525-5267-4385-8629-2D10F2B04D01}.Debug|Any CPU.ActiveCfg = Debug|Any CPU
		{DCB74525-5267-4385-8629-2D10F2B04D01}.Debug|Any CPU.Build.0 = Debug|Any CPU
		{DCB74525-5267-4385-8629-2D10F2B04D01}.Release|Any CPU.ActiveCfg = Release|Any CPU
		{DCB74525-5267-4385-8629-2D10F2B04D01}.Release|Any CPU.Build.0 = Release|Any CPU
	EndGlobalSection
	GlobalSection(SolutionProperties) = preSolution
		HideSolutionNode = FALSE
	EndGlobalSection
	GlobalSection(ExtensibilityGlobals) = postSolution
		SolutionGuid = {0B74DF9A-9C10-478F-ADE8-758C9B4D3673}
	EndGlobalSection
EndGlobal
